
Microsoft Visual Studio Solution File, Format Version 12.00
# Visual Studio 15
Project("{FAE04EC0-301F-11D3-BF4B-00C04F79EFBC}") = "Assembly-CSharp", "Assembly-CSharp.csproj", "{A300BBB3-A16A-E0E0-9146-085141435E82}"
EndProject
Project("{FAE04EC0-301F-11D3-BF4B-00C04F79EFBC}") = "SimpleWebTransport", "SimpleWebTransport.csproj", "{A68C3248-15AB-E5DC-8FC2-3D5D1E277D48}"
EndProject
Project("{FAE04EC0-301F-11D3-BF4B-00C04F79EFBC}") = "Mirror", "Mirror.csproj", "{AB996A27-0C25-3FC2-11B8-864C83DD4338}"
EndProject
Project("{FAE04EC0-301F-11D3-BF4B-00C04F79EFBC}") = "Mirror.Examples", "Mirror.Examples.csproj", "{9DBC520C-C39E-6646-BC91-7B78142C300A}"
EndProject
Project("{FAE04EC0-301F-11D3-BF4B-00C04F79EFBC}") = "Mirror.Components", "Mirror.Components.csproj", "{8A107106-CB92-9AC1-8222-408CA68C2843}"
EndProject
Project("{FAE04EC0-301F-11D3-BF4B-00C04F79EFBC}") = "kcp2k", "kcp2k.csproj", "{A44282ED-0FF5-EC1A-856D-B0A3D024E344}"
EndProject
Project("{FAE04EC0-301F-11D3-BF4B-00C04F79EFBC}") = "Telepathy", "Telepathy.csproj", "{6958C089-D0A9-CC17-EAA2-67E03628FDE8}"
EndProject
Project("{FAE04EC0-301F-11D3-BF4B-00C04F79EFBC}") = "where-allocations", "where-allocations.csproj", "{2578F609-C241-1C2D-6290-6DE66BD30E7B}"
EndProject
Project("{FAE04EC0-301F-11D3-BF4B-00C04F79EFBC}") = "Mirror.Authenticators", "Mirror.Authenticators.csproj", "{5811A3E7-D606-B702-21F5-0688974EDF84}"
EndProject
Project("{FAE04EC0-301F-11D3-BF4B-00C04F79EFBC}") = "Mirror.Editor", "Mirror.Editor.csproj", "{C5D75016-CC07-B07D-766C-5E1011BD0E60}"
EndProject
Project("{FAE04EC0-301F-11D3-BF4B-00C04F79EFBC}") = "Unity.Mirror.CodeGen", "Unity.Mirror.CodeGen.csproj", "{3F224A21-7CC3-2190-4CCD-8935A35AFAEE}"
EndProject
Project("{FAE04EC0-301F-11D3-BF4B-00C04F79EFBC}") = "Mirror.CompilerSymbols", "Mirror.CompilerSymbols.csproj", "{4858C884-4031-D481-25BB-398EB14E0A50}"
EndProject
Global
	GlobalSection(SolutionConfigurationPlatforms) = preSolution
		Debug|Any CPU = Debug|Any CPU
		Release|Any CPU = Release|Any CPU
	EndGlobalSection
	GlobalSection(ProjectConfigurationPlatforms) = postSolution
		{A300BBB3-A16A-E0E0-9146-085141435E82}.Debug|Any CPU.ActiveCfg = Debug|Any CPU
		{A300BBB3-A16A-E0E0-9146-085141435E82}.Debug|Any CPU.Build.0 = Debug|Any CPU
		{A300BBB3-A16A-E0E0-9146-085141435E82}.Release|Any CPU.ActiveCfg = Release|Any CPU
		{A300BBB3-A16A-E0E0-9146-085141435E82}.Release|Any CPU.Build.0 = Release|Any CPU
		{A68C3248-15AB-E5DC-8FC2-3D5D1E277D48}.Debug|Any CPU.ActiveCfg = Debug|Any CPU
		{A68C3248-15AB-E5DC-8FC2-3D5D1E277D48}.Debug|Any CPU.Build.0 = Debug|Any CPU
		{A68C3248-15AB-E5DC-8FC2-3D5D1E277D48}.Release|Any CPU.ActiveCfg = Release|Any CPU
		{A68C3248-15AB-E5DC-8FC2-3D5D1E277D48}.Release|Any CPU.Build.0 = Release|Any CPU
		{AB996A27-0C25-3FC2-11B8-864C83DD4338}.Debug|Any CPU.ActiveCfg = Debug|Any CPU
		{AB996A27-0C25-3FC2-11B8-864C83DD4338}.Debug|Any CPU.Build.0 = Debug|Any CPU
		{AB996A27-0C25-3FC2-11B8-864C83DD4338}.Release|Any CPU.ActiveCfg = Release|Any CPU
		{AB996A27-0C25-3FC2-11B8-864C83DD4338}.Release|Any CPU.Build.0 = Release|Any CPU
		{9DBC520C-C39E-6646-BC91-7B78142C300A}.Debug|Any CPU.ActiveCfg = Debug|Any CPU
		{9DBC520C-C39E-6646-BC91-7B78142C300A}.Debug|Any CPU.Build.0 = Debug|Any CPU
		{9DBC520C-C39E-6646-BC91-7B78142C300A}.Release|Any CPU.ActiveCfg = Release|Any CPU
		{9DBC520C-C39E-6646-BC91-7B78142C300A}.Release|Any CPU.Build.0 = Release|Any CPU
		{8A107106-CB92-9AC1-8222-408CA68C2843}.Debug|Any CPU.ActiveCfg = Debug|Any CPU
		{8A107106-CB92-9AC1-8222-408CA68C2843}.Debug|Any CPU.Build.0 = Debug|Any CPU
		{8A107106-CB92-9AC1-8222-408CA68C2843}.Release|Any CPU.ActiveCfg = Release|Any CPU
		{8A107106-CB92-9AC1-8222-408CA68C2843}.Release|Any CPU.Build.0 = Release|Any CPU
		{A44282ED-0FF5-EC1A-856D-B0A3D024E344}.Debug|Any CPU.ActiveCfg = Debug|Any CPU
		{A44282ED-0FF5-EC1A-856D-B0A3D024E344}.Debug|Any CPU.Build.0 = Debug|Any CPU
		{A44282ED-0FF5-EC1A-856D-B0A3D024E344}.Release|Any CPU.ActiveCfg = Release|Any CPU
		{A44282ED-0FF5-EC1A-856D-B0A3D024E344}.Release|Any CPU.Build.0 = Release|Any CPU
		{6958C089-D0A9-CC17-EAA2-67E03628FDE8}.Debug|Any CPU.ActiveCfg = Debug|Any CPU
		{6958C089-D0A9-CC17-EAA2-67E03628FDE8}.Debug|Any CPU.Build.0 = Debug|Any CPU
		{6958C089-D0A9-CC17-EAA2-67E03628FDE8}.Release|Any CPU.ActiveCfg = Release|Any CPU
		{6958C089-D0A9-CC17-EAA2-67E03628FDE8}.Release|Any CPU.Build.0 = Release|Any CPU
		{2578F609-C241-1C2D-6290-6DE66BD30E7B}.Debug|Any CPU.ActiveCfg = Debug|Any CPU
		{2578F609-C241-1C2D-6290-6DE66BD30E7B}.Debug|Any CPU.Build.0 = Debug|Any CPU
		{2578F609-C241-1C2D-6290-6DE66BD30E7B}.Release|Any CPU.ActiveCfg = Release|Any CPU
		{2578F609-C241-1C2D-6290-6DE66BD30E7B}.Release|Any CPU.Build.0 = Release|Any CPU
		{5811A3E7-D606-B702-21F5-0688974EDF84}.Debug|Any CPU.ActiveCfg = Debug|Any CPU
		{5811A3E7-D606-B702-21F5-0688974EDF84}.Debug|Any CPU.Build.0 = Debug|Any CPU
		{5811A3E7-D606-B702-21F5-0688974EDF84}.Release|Any CPU.ActiveCfg = Release|Any CPU
		{5811A3E7-D606-B702-21F5-0688974EDF84}.Release|Any CPU.Build.0 = Release|Any CPU
		{C5D75016-CC07-B07D-766C-5E1011BD0E60}.Debug|Any CPU.ActiveCfg = Debug|Any CPU
		{C5D75016-CC07-B07D-766C-5E1011BD0E60}.Debug|Any CPU.Build.0 = Debug|Any CPU
		{C5D75016-CC07-B07D-766C-5E1011BD0E60}.Release|Any CPU.ActiveCfg = Release|Any CPU
		{C5D75016-CC07-B07D-766C-5E1011BD0E60}.Release|Any CPU.Build.0 = Release|Any CPU
		{3F224A21-7CC3-2190-4CCD-8935A35AFAEE}.Debug|Any CPU.ActiveCfg = Debug|Any CPU
		{3F224A21-7CC3-2190-4CCD-8935A35AFAEE}.Debug|Any CPU.Build.0 = Debug|Any CPU
		{3F224A21-7CC3-2190-4CCD-8935A35AFAEE}.Release|Any CPU.ActiveCfg = Release|Any CPU
		{3F224A21-7CC3-2190-4CCD-8935A35AFAEE}.Release|Any CPU.Build.0 = Release|Any CPU
		{4858C884-4031-D481-25BB-398EB14E0A50}.Debug|Any CPU.ActiveCfg = Debug|Any CPU
		{4858C884-4031-D481-25BB-398EB14E0A50}.Debug|Any CPU.Build.0 = Debug|Any CPU
		{4858C884-4031-D481-25BB-398EB14E0A50}.Release|Any CPU.ActiveCfg = Release|Any CPU
		{4858C884-4031-D481-25BB-398EB14E0A50}.Release|Any CPU.Build.0 = Release|Any CPU
	EndGlobalSection
	GlobalSection(SolutionProperties) = preSolution
		HideSolutionNode = FALSE
	EndGlobalSection
EndGlobal
